// !$*UTF8*$!
{
	archiveVersion = 1;
	classes = {
	};
	objectVersion = 48;
	objects = {

/* Begin PBXBuildFile section */
		B59E3483C58DF841AC52F03E /* Pods_PocketHumidor.framework in Frameworks */ = {isa = PBXBuildFile; fileRef = 3DBA0E3610ECA2D9DD75CE4C /* Pods_PocketHumidor.framework */; };
		B702A163209317AA00AB1AFC /* ManageHumidorsTableViewController.swift in Sources */ = {isa = PBXBuildFile; fileRef = B702A162209317AA00AB1AFC /* ManageHumidorsTableViewController.swift */; };
		B713C1B4204ABC6400AA40DD /* SideMenuUIViewController.swift in Sources */ = {isa = PBXBuildFile; fileRef = B713C1B3204ABC6400AA40DD /* SideMenuUIViewController.swift */; };
		B721833920542D3B00E8DD09 /* Localizable.strings in Resources */ = {isa = PBXBuildFile; fileRef = B721833720542D3B00E8DD09 /* Localizable.strings */; };
		B72183492054432000E8DD09 /* Settings.storyboard in Resources */ = {isa = PBXBuildFile; fileRef = B721834B2054432000E8DD09 /* Settings.storyboard */; };
		B7219C942051836B001096A6 /* UserEngagement.swift in Sources */ = {isa = PBXBuildFile; fileRef = B7219C932051836B001096A6 /* UserEngagement.swift */; };
		B7219C97205186C0001096A6 /* UserSettings.swift in Sources */ = {isa = PBXBuildFile; fileRef = B7219C96205186C0001096A6 /* UserSettings.swift */; };
		B7219C992051888B001096A6 /* GeneralViewController.swift in Sources */ = {isa = PBXBuildFile; fileRef = B7219C982051888B001096A6 /* GeneralViewController.swift */; };
		B7219C9B20518A13001096A6 /* SortViewController.swift in Sources */ = {isa = PBXBuildFile; fileRef = B7219C9A20518A13001096A6 /* SortViewController.swift */; };
		B7219C9D20518AA0001096A6 /* PrivacyViewController.swift in Sources */ = {isa = PBXBuildFile; fileRef = B7219C9C20518AA0001096A6 /* PrivacyViewController.swift */; };
		B7222DB620C18D4F000BA0E5 /* HumidorDetailViewController.swift in Sources */ = {isa = PBXBuildFile; fileRef = B7222DB520C18D4F000BA0E5 /* HumidorDetailViewController.swift */; };
		B72790C52222DB8E00F713D8 /* AdSupport.framework in Frameworks */ = {isa = PBXBuildFile; fileRef = B72790C42222DB8E00F713D8 /* AdSupport.framework */; };
		B72A0B23210CAEE600FE935A /* CigarReviewEnums.swift in Sources */ = {isa = PBXBuildFile; fileRef = B72A0B22210CAEE600FE935A /* CigarReviewEnums.swift */; };
		B72A684C205FCF84006CDFED /* AddHumidorController.swift in Sources */ = {isa = PBXBuildFile; fileRef = B72A684A205FCF84006CDFED /* AddHumidorController.swift */; };
		B72A684E205FCF8E006CDFED /* CoreDataController.swift in Sources */ = {isa = PBXBuildFile; fileRef = B72A684D205FCF8E006CDFED /* CoreDataController.swift */; };
		B72A684F205FD4CB006CDFED /* PocketHumidor.xcdatamodeld in Sources */ = {isa = PBXBuildFile; fileRef = B7183063205FB69B000AF92D /* PocketHumidor.xcdatamodeld */; };
		B73624B8204DF88700B92801 /* SettingsViewController.swift in Sources */ = {isa = PBXBuildFile; fileRef = B73624B7204DF88700B92801 /* SettingsViewController.swift */; };
		B745703721158CB2001385E9 /* DataViewController.swift in Sources */ = {isa = PBXBuildFile; fileRef = B745703621158CB2001385E9 /* DataViewController.swift */; };
		B745703C2115C5DD001385E9 /* Assets.xcassets in Resources */ = {isa = PBXBuildFile; fileRef = B7D6BE312048121600B50CCA /* Assets.xcassets */; };
		B745A1A620A6AE7E000F2C83 /* EmptyTableViewController.swift in Sources */ = {isa = PBXBuildFile; fileRef = B745A1A520A6AE7E000F2C83 /* EmptyTableViewController.swift */; };
		B74C9354222FC85F003AE277 /* PremiumViewController.swift in Sources */ = {isa = PBXBuildFile; fileRef = B74C9353222FC85E003AE277 /* PremiumViewController.swift */; };
		B75A84252042DAB3008528D8 /* AppDelegate.swift in Sources */ = {isa = PBXBuildFile; fileRef = B75A84242042DAB3008528D8 /* AppDelegate.swift */; };
		B7658097205293D8004FD39F /* AttributesLicense.plist in Resources */ = {isa = PBXBuildFile; fileRef = B7F57D462052904E0046FCB1 /* AttributesLicense.plist */; };
		B76CC16720A83B3A004986EA /* GiftCigarController.swift in Sources */ = {isa = PBXBuildFile; fileRef = B76CC16620A83B3A004986EA /* GiftCigarController.swift */; };
		B7790CB720A1DD58003A713E /* circleView.swift in Sources */ = {isa = PBXBuildFile; fileRef = B7790CB620A1DD58003A713E /* circleView.swift */; };
		B77AB87C2061B23F007B4028 /* Main.storyboard in Resources */ = {isa = PBXBuildFile; fileRef = B75A84282042DAB3008528D8 /* Main.storyboard */; };
		B782222F21185797007E8319 /* CigarCSVImporter.swift in Sources */ = {isa = PBXBuildFile; fileRef = B782222E21185797007E8319 /* CigarCSVImporter.swift */; };
		B7849A5120ADBE6D00CD80BA /* HistoryViewController.swift in Sources */ = {isa = PBXBuildFile; fileRef = B7849A5020ADBE6D00CD80BA /* HistoryViewController.swift */; };
		B7849A5320ADCC1B00CD80BA /* HistoryHeaderTableViewCell.swift in Sources */ = {isa = PBXBuildFile; fileRef = B7849A5220ADCC1B00CD80BA /* HistoryHeaderTableViewCell.swift */; };
		B78AE4872222C8EB009EEA5B /* StoreKit.framework in Frameworks */ = {isa = PBXBuildFile; fileRef = B728AF7F211061E300C78BD0 /* StoreKit.framework */; };
		B78FFB032239606300543D24 /* CigarCSVExporter.swift in Sources */ = {isa = PBXBuildFile; fileRef = B78FFB022239606300543D24 /* CigarCSVExporter.swift */; };
		B798AB3B20A4BB54001753F7 /* SearchTableViewCell.swift in Sources */ = {isa = PBXBuildFile; fileRef = B798AB3A20A4BB54001753F7 /* SearchTableViewCell.swift */; };
		B79C85EE20A39C70006A719F /* Search.storyboard in Resources */ = {isa = PBXBuildFile; fileRef = B79C85ED20A39C70006A719F /* Search.storyboard */; };
		B7A13387206BCD110003854B /* NewCigar.storyboard in Resources */ = {isa = PBXBuildFile; fileRef = B7A13386206BCD110003854B /* NewCigar.storyboard */; };
		B7A3485A223D313B006B1DEA /* CloudDataManager.swift in Sources */ = {isa = PBXBuildFile; fileRef = B7A34859223D313B006B1DEA /* CloudDataManager.swift */; };
		B7A4813620581E34001242F7 /* HomeViewController.swift in Sources */ = {isa = PBXBuildFile; fileRef = B7A4813520581E34001242F7 /* HomeViewController.swift */; };
		B7A48138205822BC001242F7 /* ContentTableViewController.swift in Sources */ = {isa = PBXBuildFile; fileRef = B7A48137205822BC001242F7 /* ContentTableViewController.swift */; };
		B7A4813A205825D9001242F7 /* ContentTableViewController.storyboard in Resources */ = {isa = PBXBuildFile; fileRef = B7A48139205825D9001242F7 /* ContentTableViewController.storyboard */; };
		B7A4813C20582755001242F7 /* ContentTableViewCell.swift in Sources */ = {isa = PBXBuildFile; fileRef = B7A4813B20582755001242F7 /* ContentTableViewCell.swift */; };
		B7A8532A20B6B6E80093C158 /* HistoryTableViewCell.swift in Sources */ = {isa = PBXBuildFile; fileRef = B7A8532920B6B6E80093C158 /* HistoryTableViewCell.swift */; };
		B7BDFE582248FBD900CFBACA /* BackupViewController.swift in Sources */ = {isa = PBXBuildFile; fileRef = B7BDFE572248FBD900CFBACA /* BackupViewController.swift */; };
		B7C57CA32617799900189283 /* GoogleService-Info.plist in Resources */ = {isa = PBXBuildFile; fileRef = B7C57CA22617799900189283 /* GoogleService-Info.plist */; };
		B7CA195820AB22B30009FA99 /* MoveCigarController.swift in Sources */ = {isa = PBXBuildFile; fileRef = B7CA195720AB22B30009FA99 /* MoveCigarController.swift */; };
		B7CB23BC20C0519C00370D0D /* FilterViewController.swift in Sources */ = {isa = PBXBuildFile; fileRef = B7CB23BB20C0519C00370D0D /* FilterViewController.swift */; };
		B7CF29BE20519AE300D8C4A3 /* SplitViewController.swift in Sources */ = {isa = PBXBuildFile; fileRef = B7CF29BD20519AE300D8C4A3 /* SplitViewController.swift */; };
		B7CF29C22051A42100D8C4A3 /* AboutViewController.swift in Sources */ = {isa = PBXBuildFile; fileRef = B7CF29C12051A42100D8C4A3 /* AboutViewController.swift */; };
		B7D2BEEC20A38B0500F93515 /* SearchViewController.swift in Sources */ = {isa = PBXBuildFile; fileRef = B7D2BEEB20A38B0500F93515 /* SearchViewController.swift */; };
		B7D7CF3620C1822800E4131A /* SideMenuMain.storyboard in Resources */ = {isa = PBXBuildFile; fileRef = B7D7CF3520C1822800E4131A /* SideMenuMain.storyboard */; };
		B7E524A32061620500E2CC38 /* TabBarViewController.swift in Sources */ = {isa = PBXBuildFile; fileRef = B7E524A22061620500E2CC38 /* TabBarViewController.swift */; };
		B7E524A7206166AA00E2CC38 /* AddCigarController.swift in Sources */ = {isa = PBXBuildFile; fileRef = B7E524A6206166AA00E2CC38 /* AddCigarController.swift */; };
		B7E6A47520A742990085EA2D /* Diary.storyboard in Resources */ = {isa = PBXBuildFile; fileRef = B7E6A47420A742990085EA2D /* Diary.storyboard */; };
		B7EE3FD72066B43D000B761B /* CountrySelectViewController.swift in Sources */ = {isa = PBXBuildFile; fileRef = B7EE3FD62066B43D000B761B /* CountrySelectViewController.swift */; };
		B7EF0ADF20ACC9EF008F9DF2 /* SmokeCigarController.swift in Sources */ = {isa = PBXBuildFile; fileRef = B7EF0ADE20ACC9EF008F9DF2 /* SmokeCigarController.swift */; };
		B7F5021420FD5346001035A2 /* CigarDetailViewController.swift in Sources */ = {isa = PBXBuildFile; fileRef = B7F5021320FD5346001035A2 /* CigarDetailViewController.swift */; };
		B7FD5C992121DE2B001087F3 /* LaunchScreen.storyboard in Resources */ = {isa = PBXBuildFile; fileRef = B7FD5C982121DE2B001087F3 /* LaunchScreen.storyboard */; };
		B7FDDF0B20FEB632001E8D4F /* DetailCigar.storyboard in Resources */ = {isa = PBXBuildFile; fileRef = B7FDDF0D20FEB632001E8D4F /* DetailCigar.storyboard */; };
/* End PBXBuildFile section */

/* Begin PBXFileReference section */
		3DBA0E3610ECA2D9DD75CE4C /* Pods_PocketHumidor.framework */ = {isa = PBXFileReference; explicitFileType = wrapper.framework; includeInIndex = 0; path = Pods_PocketHumidor.framework; sourceTree = BUILT_PRODUCTS_DIR; };
		69F99B879FE38AB5E8BCD4AC /* Pods-PocketHumidor.debug.xcconfig */ = {isa = PBXFileReference; includeInIndex = 1; lastKnownFileType = text.xcconfig; name = "Pods-PocketHumidor.debug.xcconfig"; path = "Pods/Target Support Files/Pods-PocketHumidor/Pods-PocketHumidor.debug.xcconfig"; sourceTree = "<group>"; };
		B702A162209317AA00AB1AFC /* ManageHumidorsTableViewController.swift */ = {isa = PBXFileReference; lastKnownFileType = sourcecode.swift; path = ManageHumidorsTableViewController.swift; sourceTree = "<group>"; };
		B713C1B3204ABC6400AA40DD /* SideMenuUIViewController.swift */ = {isa = PBXFileReference; lastKnownFileType = sourcecode.swift; path = SideMenuUIViewController.swift; sourceTree = "<group>"; };
		B7183064205FB69B000AF92D /* CigarStack.xcdatamodel */ = {isa = PBXFileReference; lastKnownFileType = wrapper.xcdatamodel; path = CigarStack.xcdatamodel; sourceTree = "<group>"; };
		B721833C20542D6F00E8DD09 /* en */ = {isa = PBXFileReference; lastKnownFileType = text.plist.strings; name = en; path = CigarStack/en.lproj/Localizable.strings; sourceTree = "<group>"; };
		B721833F20542D7700E8DD09 /* it */ = {isa = PBXFileReference; lastKnownFileType = text.plist.strings; name = it; path = CigarStack/it.lproj/Localizable.strings; sourceTree = "<group>"; };
		B7219C932051836B001096A6 /* UserEngagement.swift */ = {isa = PBXFileReference; lastKnownFileType = sourcecode.swift; path = UserEngagement.swift; sourceTree = "<group>"; };
		B7219C96205186C0001096A6 /* UserSettings.swift */ = {isa = PBXFileReference; lastKnownFileType = sourcecode.swift; path = UserSettings.swift; sourceTree = "<group>"; };
		B7219C982051888B001096A6 /* GeneralViewController.swift */ = {isa = PBXFileReference; lastKnownFileType = sourcecode.swift; path = GeneralViewController.swift; sourceTree = "<group>"; };
		B7219C9A20518A13001096A6 /* SortViewController.swift */ = {isa = PBXFileReference; lastKnownFileType = sourcecode.swift; path = SortViewController.swift; sourceTree = "<group>"; };
		B7219C9C20518AA0001096A6 /* PrivacyViewController.swift */ = {isa = PBXFileReference; lastKnownFileType = sourcecode.swift; path = PrivacyViewController.swift; sourceTree = "<group>"; };
		B7222DB520C18D4F000BA0E5 /* HumidorDetailViewController.swift */ = {isa = PBXFileReference; lastKnownFileType = sourcecode.swift; path = HumidorDetailViewController.swift; sourceTree = "<group>"; };
		B72790C42222DB8E00F713D8 /* AdSupport.framework */ = {isa = PBXFileReference; lastKnownFileType = wrapper.framework; name = AdSupport.framework; path = System/Library/Frameworks/AdSupport.framework; sourceTree = SDKROOT; };
		B728AF7F211061E300C78BD0 /* StoreKit.framework */ = {isa = PBXFileReference; lastKnownFileType = wrapper.framework; name = StoreKit.framework; path = System/Library/Frameworks/StoreKit.framework; sourceTree = SDKROOT; };
		B72A0B22210CAEE600FE935A /* CigarReviewEnums.swift */ = {isa = PBXFileReference; lastKnownFileType = sourcecode.swift; path = CigarReviewEnums.swift; sourceTree = "<group>"; };
		B72A684A205FCF84006CDFED /* AddHumidorController.swift */ = {isa = PBXFileReference; fileEncoding = 4; lastKnownFileType = sourcecode.swift; path = AddHumidorController.swift; sourceTree = "<group>"; };
		B72A684D205FCF8E006CDFED /* CoreDataController.swift */ = {isa = PBXFileReference; fileEncoding = 4; lastKnownFileType = sourcecode.swift; path = CoreDataController.swift; sourceTree = "<group>"; };
		B734D637211C3C560031EA4A /* it */ = {isa = PBXFileReference; lastKnownFileType = text.plist.strings; name = it; path = it.lproj/Settings.strings; sourceTree = "<group>"; };
		B73624B7204DF88700B92801 /* SettingsViewController.swift */ = {isa = PBXFileReference; lastKnownFileType = sourcecode.swift; path = SettingsViewController.swift; sourceTree = "<group>"; };
		B745703621158CB2001385E9 /* DataViewController.swift */ = {isa = PBXFileReference; lastKnownFileType = sourcecode.swift; path = DataViewController.swift; sourceTree = "<group>"; };
		B745A1A520A6AE7E000F2C83 /* EmptyTableViewController.swift */ = {isa = PBXFileReference; lastKnownFileType = sourcecode.swift; path = EmptyTableViewController.swift; sourceTree = "<group>"; };
		B74C9353222FC85E003AE277 /* PremiumViewController.swift */ = {isa = PBXFileReference; lastKnownFileType = sourcecode.swift; path = PremiumViewController.swift; sourceTree = "<group>"; };
		B75A84212042DAB3008528D8 /* PocketHumidor.app */ = {isa = PBXFileReference; explicitFileType = wrapper.application; includeInIndex = 0; path = PocketHumidor.app; sourceTree = BUILT_PRODUCTS_DIR; };
		B75A84242042DAB3008528D8 /* AppDelegate.swift */ = {isa = PBXFileReference; lastKnownFileType = sourcecode.swift; path = AppDelegate.swift; sourceTree = "<group>"; };
		B75A84302042DAB3008528D8 /* Info.plist */ = {isa = PBXFileReference; lastKnownFileType = text.plist.xml; path = Info.plist; sourceTree = "<group>"; };
		B76632072222E3A800E5AFFF /* FirebaseCore.framework */ = {isa = PBXFileReference; explicitFileType = wrapper.framework; path = FirebaseCore.framework; sourceTree = BUILT_PRODUCTS_DIR; };
		B76CB0DD20FF3DA300D8035D /* Base */ = {isa = PBXFileReference; lastKnownFileType = file.storyboard; name = Base; path = Base.lproj/DetailCigar.storyboard; sourceTree = "<group>"; };
		B76CC16620A83B3A004986EA /* GiftCigarController.swift */ = {isa = PBXFileReference; lastKnownFileType = sourcecode.swift; path = GiftCigarController.swift; sourceTree = "<group>"; };
		B7790CB620A1DD58003A713E /* circleView.swift */ = {isa = PBXFileReference; lastKnownFileType = sourcecode.swift; path = circleView.swift; sourceTree = "<group>"; };
		B782222E21185797007E8319 /* CigarCSVImporter.swift */ = {isa = PBXFileReference; lastKnownFileType = sourcecode.swift; path = CigarCSVImporter.swift; sourceTree = "<group>"; };
		B7849A5020ADBE6D00CD80BA /* HistoryViewController.swift */ = {isa = PBXFileReference; lastKnownFileType = sourcecode.swift; path = HistoryViewController.swift; sourceTree = "<group>"; };
		B7849A5220ADCC1B00CD80BA /* HistoryHeaderTableViewCell.swift */ = {isa = PBXFileReference; lastKnownFileType = sourcecode.swift; path = HistoryHeaderTableViewCell.swift; sourceTree = "<group>"; };
		B78FFB022239606300543D24 /* CigarCSVExporter.swift */ = {isa = PBXFileReference; lastKnownFileType = sourcecode.swift; path = CigarCSVExporter.swift; sourceTree = "<group>"; };
		B78FFB0422396B2400543D24 /* PocketHumidor.entitlements */ = {isa = PBXFileReference; lastKnownFileType = text.plist.entitlements; path = PocketHumidor.entitlements; sourceTree = "<group>"; };
		B798AB3A20A4BB54001753F7 /* SearchTableViewCell.swift */ = {isa = PBXFileReference; lastKnownFileType = sourcecode.swift; path = SearchTableViewCell.swift; sourceTree = "<group>"; };
		B79C85ED20A39C70006A719F /* Search.storyboard */ = {isa = PBXFileReference; fileEncoding = 4; lastKnownFileType = file.storyboard; path = Search.storyboard; sourceTree = "<group>"; };
		B7A13386206BCD110003854B /* NewCigar.storyboard */ = {isa = PBXFileReference; fileEncoding = 4; lastKnownFileType = file.storyboard; path = NewCigar.storyboard; sourceTree = "<group>"; };
		B7A34859223D313B006B1DEA /* CloudDataManager.swift */ = {isa = PBXFileReference; lastKnownFileType = sourcecode.swift; path = CloudDataManager.swift; sourceTree = "<group>"; };
		B7A4813520581E34001242F7 /* HomeViewController.swift */ = {isa = PBXFileReference; lastKnownFileType = sourcecode.swift; path = HomeViewController.swift; sourceTree = "<group>"; };
		B7A48137205822BC001242F7 /* ContentTableViewController.swift */ = {isa = PBXFileReference; lastKnownFileType = sourcecode.swift; path = ContentTableViewController.swift; sourceTree = "<group>"; };
		B7A48139205825D9001242F7 /* ContentTableViewController.storyboard */ = {isa = PBXFileReference; lastKnownFileType = file.storyboard; path = ContentTableViewController.storyboard; sourceTree = "<group>"; };
		B7A4813B20582755001242F7 /* ContentTableViewCell.swift */ = {isa = PBXFileReference; lastKnownFileType = sourcecode.swift; path = ContentTableViewCell.swift; sourceTree = "<group>"; };
		B7A4B016210DC79B0032B184 /* en */ = {isa = PBXFileReference; lastKnownFileType = text.plist.strings; name = en; path = en.lproj/DetailCigar.strings; sourceTree = "<group>"; };
		B7A4B018210DC7A80032B184 /* it */ = {isa = PBXFileReference; lastKnownFileType = text.plist.strings; name = it; path = it.lproj/DetailCigar.strings; sourceTree = "<group>"; };
		B7A8532920B6B6E80093C158 /* HistoryTableViewCell.swift */ = {isa = PBXFileReference; lastKnownFileType = sourcecode.swift; path = HistoryTableViewCell.swift; sourceTree = "<group>"; };
		B7BDFE572248FBD900CFBACA /* BackupViewController.swift */ = {isa = PBXFileReference; lastKnownFileType = sourcecode.swift; path = BackupViewController.swift; sourceTree = "<group>"; };
		B7C57CA22617799900189283 /* GoogleService-Info.plist */ = {isa = PBXFileReference; fileEncoding = 4; lastKnownFileType = text.plist.xml; path = "GoogleService-Info.plist"; sourceTree = "<group>"; };
		B7CA195720AB22B30009FA99 /* MoveCigarController.swift */ = {isa = PBXFileReference; lastKnownFileType = sourcecode.swift; path = MoveCigarController.swift; sourceTree = "<group>"; };
		B7CB23BB20C0519C00370D0D /* FilterViewController.swift */ = {isa = PBXFileReference; lastKnownFileType = sourcecode.swift; path = FilterViewController.swift; sourceTree = "<group>"; };
		B7CF29BD20519AE300D8C4A3 /* SplitViewController.swift */ = {isa = PBXFileReference; lastKnownFileType = sourcecode.swift; path = SplitViewController.swift; sourceTree = "<group>"; };
		B7CF29C12051A42100D8C4A3 /* AboutViewController.swift */ = {isa = PBXFileReference; lastKnownFileType = sourcecode.swift; path = AboutViewController.swift; sourceTree = "<group>"; };
		B7D2BEEB20A38B0500F93515 /* SearchViewController.swift */ = {isa = PBXFileReference; lastKnownFileType = sourcecode.swift; path = SearchViewController.swift; sourceTree = "<group>"; };
		B7D3A0B52055686F00AA6A29 /* Base */ = {isa = PBXFileReference; lastKnownFileType = file.storyboard; name = Base; path = Base.lproj/Main.storyboard; sourceTree = "<group>"; };
		B7D3A0B62055687000AA6A29 /* Base */ = {isa = PBXFileReference; lastKnownFileType = file.storyboard; name = Base; path = Base.lproj/Settings.storyboard; sourceTree = "<group>"; };
		B7D4B98720976F1300A48167 /* it */ = {isa = PBXFileReference; lastKnownFileType = text.plist.strings; name = it; path = it.lproj/Main.strings; sourceTree = "<group>"; };
		B7D4B98920976F1800A48167 /* en */ = {isa = PBXFileReference; lastKnownFileType = text.plist.strings; name = en; path = en.lproj/Main.strings; sourceTree = "<group>"; };
		B7D6BE312048121600B50CCA /* Assets.xcassets */ = {isa = PBXFileReference; lastKnownFileType = folder.assetcatalog; path = Assets.xcassets; sourceTree = "<group>"; };
		B7D7CF3520C1822800E4131A /* SideMenuMain.storyboard */ = {isa = PBXFileReference; fileEncoding = 4; lastKnownFileType = file.storyboard; path = SideMenuMain.storyboard; sourceTree = "<group>"; };
		B7E524A22061620500E2CC38 /* TabBarViewController.swift */ = {isa = PBXFileReference; lastKnownFileType = sourcecode.swift; path = TabBarViewController.swift; sourceTree = "<group>"; };
		B7E524A6206166AA00E2CC38 /* AddCigarController.swift */ = {isa = PBXFileReference; fileEncoding = 4; lastKnownFileType = sourcecode.swift; path = AddCigarController.swift; sourceTree = "<group>"; };
		B7E6A47420A742990085EA2D /* Diary.storyboard */ = {isa = PBXFileReference; fileEncoding = 4; lastKnownFileType = file.storyboard; path = Diary.storyboard; sourceTree = "<group>"; };
		B7EE3FD62066B43D000B761B /* CountrySelectViewController.swift */ = {isa = PBXFileReference; lastKnownFileType = sourcecode.swift; path = CountrySelectViewController.swift; sourceTree = "<group>"; };
		B7EF0ADE20ACC9EF008F9DF2 /* SmokeCigarController.swift */ = {isa = PBXFileReference; lastKnownFileType = sourcecode.swift; path = SmokeCigarController.swift; sourceTree = "<group>"; };
		B7F5021320FD5346001035A2 /* CigarDetailViewController.swift */ = {isa = PBXFileReference; lastKnownFileType = sourcecode.swift; path = CigarDetailViewController.swift; sourceTree = "<group>"; };
		B7F57D462052904E0046FCB1 /* AttributesLicense.plist */ = {isa = PBXFileReference; lastKnownFileType = text.plist.xml; path = AttributesLicense.plist; sourceTree = "<group>"; };
		B7FD5C982121DE2B001087F3 /* LaunchScreen.storyboard */ = {isa = PBXFileReference; lastKnownFileType = file.storyboard; path = LaunchScreen.storyboard; sourceTree = "<group>"; };
		CA545B9886855FF4E3DBB25D /* Pods-PocketHumidor.release.xcconfig */ = {isa = PBXFileReference; includeInIndex = 1; lastKnownFileType = text.xcconfig; name = "Pods-PocketHumidor.release.xcconfig"; path = "Pods/Target Support Files/Pods-PocketHumidor/Pods-PocketHumidor.release.xcconfig"; sourceTree = "<group>"; };
/* End PBXFileReference section */

/* Begin PBXFrameworksBuildPhase section */
		B75A841E2042DAB3008528D8 /* Frameworks */ = {
			isa = PBXFrameworksBuildPhase;
			buildActionMask = 2147483647;
			files = (
				B72790C52222DB8E00F713D8 /* AdSupport.framework in Frameworks */,
				B59E3483C58DF841AC52F03E /* Pods_PocketHumidor.framework in Frameworks */,
				B78AE4872222C8EB009EEA5B /* StoreKit.framework in Frameworks */,
			);
			runOnlyForDeploymentPostprocessing = 0;
		};
/* End PBXFrameworksBuildPhase section */

/* Begin PBXGroup section */
		09113B82816BF3316946AF2E /* Pods */ = {
			isa = PBXGroup;
			children = (
				69F99B879FE38AB5E8BCD4AC /* Pods-PocketHumidor.debug.xcconfig */,
				CA545B9886855FF4E3DBB25D /* Pods-PocketHumidor.release.xcconfig */,
			);
			name = Pods;
			sourceTree = "<group>";
		};
		B7161B182055AC2E001B2E1A /* Home */ = {
			isa = PBXGroup;
			children = (
				B7A4813520581E34001242F7 /* HomeViewController.swift */,
				B7F5021320FD5346001035A2 /* CigarDetailViewController.swift */,
				B702A162209317AA00AB1AFC /* ManageHumidorsTableViewController.swift */,
				B713C1B3204ABC6400AA40DD /* SideMenuUIViewController.swift */,
				B7A48137205822BC001242F7 /* ContentTableViewController.swift */,
				B7A4813B20582755001242F7 /* ContentTableViewCell.swift */,
				B745A1A520A6AE7E000F2C83 /* EmptyTableViewController.swift */,
				B7790CB620A1DD58003A713E /* circleView.swift */,
			);
			name = Home;
			path = "New Group";
			sourceTree = "<group>";
		};
		B7219C8F205179D6001096A6 /* Storyboards */ = {
			isa = PBXGroup;
			children = (
				B7FD5C982121DE2B001087F3 /* LaunchScreen.storyboard */,
				B7E6A47420A742990085EA2D /* Diary.storyboard */,
				B79C85ED20A39C70006A719F /* Search.storyboard */,
				B75A84282042DAB3008528D8 /* Main.storyboard */,
				B7D7CF3520C1822800E4131A /* SideMenuMain.storyboard */,
				B7A13386206BCD110003854B /* NewCigar.storyboard */,
				B7FDDF0D20FEB632001E8D4F /* DetailCigar.storyboard */,
				B721834B2054432000E8DD09 /* Settings.storyboard */,
				B7A48139205825D9001242F7 /* ContentTableViewController.storyboard */,
				B721833720542D3B00E8DD09 /* Localizable.strings */,
			);
			path = Storyboards;
			sourceTree = "<group>";
		};
		B7219C9220517A7B001096A6 /* Settings */ = {
			isa = PBXGroup;
			children = (
				B7BDFE572248FBD900CFBACA /* BackupViewController.swift */,
				B745703621158CB2001385E9 /* DataViewController.swift */,
				B7CF29BD20519AE300D8C4A3 /* SplitViewController.swift */,
				B73624B7204DF88700B92801 /* SettingsViewController.swift */,
				B7219C982051888B001096A6 /* GeneralViewController.swift */,
				B7219C9A20518A13001096A6 /* SortViewController.swift */,
				B7219C9C20518AA0001096A6 /* PrivacyViewController.swift */,
				B7CF29C12051A42100D8C4A3 /* AboutViewController.swift */,
				B74C9353222FC85E003AE277 /* PremiumViewController.swift */,
			);
			path = Settings;
			sourceTree = "<group>";
		};
		B7219C9520518377001096A6 /* Data */ = {
			isa = PBXGroup;
			children = (
				B782222E21185797007E8319 /* CigarCSVImporter.swift */,
				B78FFB022239606300543D24 /* CigarCSVExporter.swift */,
				B7A34859223D313B006B1DEA /* CloudDataManager.swift */,
				B7219C932051836B001096A6 /* UserEngagement.swift */,
				B7219C96205186C0001096A6 /* UserSettings.swift */,
				B72A0B22210CAEE600FE935A /* CigarReviewEnums.swift */,
			);
			path = Data;
			sourceTree = "<group>";
		};
		B72A6848205FCF53006CDFED /* CoreData */ = {
			isa = PBXGroup;
			children = (
				B72A684D205FCF8E006CDFED /* CoreDataController.swift */,
				B7222DB520C18D4F000BA0E5 /* HumidorDetailViewController.swift */,
				B72A684A205FCF84006CDFED /* AddHumidorController.swift */,
				B7E524A6206166AA00E2CC38 /* AddCigarController.swift */,
				B7CA195720AB22B30009FA99 /* MoveCigarController.swift */,
				B76CC16620A83B3A004986EA /* GiftCigarController.swift */,
				B7EF0ADE20ACC9EF008F9DF2 /* SmokeCigarController.swift */,
				B7EE3FD62066B43D000B761B /* CountrySelectViewController.swift */,
			);
			path = CoreData;
			sourceTree = "<group>";
		};
		B75A84182042DAB3008528D8 = {
			isa = PBXGroup;
			children = (
				B75A84232042DAB3008528D8 /* PocketHumidor */,
				B75A84222042DAB3008528D8 /* Products */,
				B7B4F0E32045BC2A00343A8E /* Frameworks */,
				09113B82816BF3316946AF2E /* Pods */,
			);
			sourceTree = "<group>";
		};
		B75A84222042DAB3008528D8 /* Products */ = {
			isa = PBXGroup;
			children = (
				B75A84212042DAB3008528D8 /* PocketHumidor.app */,
			);
			name = Products;
			sourceTree = "<group>";
		};
		B75A84232042DAB3008528D8 /* PocketHumidor */ = {
			isa = PBXGroup;
			children = (
				B78FFB0422396B2400543D24 /* PocketHumidor.entitlements */,
				B7E524A22061620500E2CC38 /* TabBarViewController.swift */,
				B75A84242042DAB3008528D8 /* AppDelegate.swift */,
				B72A6848205FCF53006CDFED /* CoreData */,
				B7161B182055AC2E001B2E1A /* Home */,
				B7219C9520518377001096A6 /* Data */,
				B7D2BEEA20A38AEE00F93515 /* Search */,
				B7849A4F20ADBDDF00CD80BA /* Diary */,
				B7219C9220517A7B001096A6 /* Settings */,
				B7219C8F205179D6001096A6 /* Storyboards */,
				B7D6BE312048121600B50CCA /* Assets.xcassets */,
				B7C57CA22617799900189283 /* GoogleService-Info.plist */,
				B7183063205FB69B000AF92D /* PocketHumidor.xcdatamodeld */,
				B7F57D462052904E0046FCB1 /* AttributesLicense.plist */,
				B75A84302042DAB3008528D8 /* Info.plist */,
			);
			path = PocketHumidor;
			sourceTree = "<group>";
		};
		B7849A4F20ADBDDF00CD80BA /* Diary */ = {
			isa = PBXGroup;
			children = (
				B7849A5020ADBE6D00CD80BA /* HistoryViewController.swift */,
				B7CB23BB20C0519C00370D0D /* FilterViewController.swift */,
				B7849A5220ADCC1B00CD80BA /* HistoryHeaderTableViewCell.swift */,
				B7A8532920B6B6E80093C158 /* HistoryTableViewCell.swift */,
			);
			path = Diary;
			sourceTree = "<group>";
		};
		B7B4F0E32045BC2A00343A8E /* Frameworks */ = {
			isa = PBXGroup;
			children = (
				B76632072222E3A800E5AFFF /* FirebaseCore.framework */,
				B72790C42222DB8E00F713D8 /* AdSupport.framework */,
				B728AF7F211061E300C78BD0 /* StoreKit.framework */,
				3DBA0E3610ECA2D9DD75CE4C /* Pods_PocketHumidor.framework */,
			);
			name = Frameworks;
			sourceTree = "<group>";
		};
		B7D2BEEA20A38AEE00F93515 /* Search */ = {
			isa = PBXGroup;
			children = (
				B7D2BEEB20A38B0500F93515 /* SearchViewController.swift */,
				B798AB3A20A4BB54001753F7 /* SearchTableViewCell.swift */,
			);
			path = Search;
			sourceTree = "<group>";
		};
/* End PBXGroup section */

/* Begin PBXNativeTarget section */
		B75A84202042DAB3008528D8 /* PocketHumidor */ = {
			isa = PBXNativeTarget;
			buildConfigurationList = B75A84492042DAB3008528D8 /* Build configuration list for PBXNativeTarget "PocketHumidor" */;
			buildPhases = (
				7252AED59F06C087F52A89CC /* [CP] Check Pods Manifest.lock */,
				B75A841D2042DAB3008528D8 /* Sources */,
				B75A841E2042DAB3008528D8 /* Frameworks */,
				B75A841F2042DAB3008528D8 /* Resources */,
				B7980CED26178028000385FA /* Crashlytics */,
				7EB258709CE9BB83BE6BCA37 /* [CP] Embed Pods Frameworks */,
			);
			buildRules = (
			);
			dependencies = (
			);
			name = PocketHumidor;
			productName = CigarStack;
			productReference = B75A84212042DAB3008528D8 /* PocketHumidor.app */;
			productType = "com.apple.product-type.application";
		};
/* End PBXNativeTarget section */

/* Begin PBXProject section */
		B75A84192042DAB3008528D8 /* Project object */ = {
			isa = PBXProject;
			attributes = {
				LastSwiftUpdateCheck = 0920;
				LastUpgradeCheck = 1240;
				ORGANIZATIONNAME = "Darius Pasca";
				TargetAttributes = {
					B75A84202042DAB3008528D8 = {
						CreatedOnToolsVersion = 9.2;
						LastSwiftMigration = 1010;
						ProvisioningStyle = Automatic;
						SystemCapabilities = {
							com.apple.InAppPurchase = {
								enabled = 1;
							};
							com.apple.iCloud = {
								enabled = 1;
							};
						};
					};
				};
			};
			buildConfigurationList = B75A841C2042DAB3008528D8 /* Build configuration list for PBXProject "PocketHumidor" */;
			compatibilityVersion = "Xcode 8.0";
			developmentRegion = en;
			hasScannedForEncodings = 0;
			knownRegions = (
				en,
				it,
				Base,
			);
			mainGroup = B75A84182042DAB3008528D8;
			productRefGroup = B75A84222042DAB3008528D8 /* Products */;
			projectDirPath = "";
			projectRoot = "";
			targets = (
				B75A84202042DAB3008528D8 /* PocketHumidor */,
			);
		};
/* End PBXProject section */

/* Begin PBXResourcesBuildPhase section */
		B75A841F2042DAB3008528D8 /* Resources */ = {
			isa = PBXResourcesBuildPhase;
			buildActionMask = 2147483647;
			files = (
				B7C57CA32617799900189283 /* GoogleService-Info.plist in Resources */,
				B721833920542D3B00E8DD09 /* Localizable.strings in Resources */,
				B7A13387206BCD110003854B /* NewCigar.storyboard in Resources */,
				B7D7CF3620C1822800E4131A /* SideMenuMain.storyboard in Resources */,
				B7E6A47520A742990085EA2D /* Diary.storyboard in Resources */,
				B77AB87C2061B23F007B4028 /* Main.storyboard in Resources */,
				B79C85EE20A39C70006A719F /* Search.storyboard in Resources */,
				B7FD5C992121DE2B001087F3 /* LaunchScreen.storyboard in Resources */,
				B7A4813A205825D9001242F7 /* ContentTableViewController.storyboard in Resources */,
				B7658097205293D8004FD39F /* AttributesLicense.plist in Resources */,
				B7FDDF0B20FEB632001E8D4F /* DetailCigar.storyboard in Resources */,
				B745703C2115C5DD001385E9 /* Assets.xcassets in Resources */,
				B72183492054432000E8DD09 /* Settings.storyboard in Resources */,
			);
			runOnlyForDeploymentPostprocessing = 0;
		};
/* End PBXResourcesBuildPhase section */

/* Begin PBXShellScriptBuildPhase section */
		7252AED59F06C087F52A89CC /* [CP] Check Pods Manifest.lock */ = {
			isa = PBXShellScriptBuildPhase;
			buildActionMask = 2147483647;
			files = (
			);
			inputFileListPaths = (
			);
			inputPaths = (
				"${PODS_PODFILE_DIR_PATH}/Podfile.lock",
				"${PODS_ROOT}/Manifest.lock",
			);
			name = "[CP] Check Pods Manifest.lock";
			outputFileListPaths = (
			);
			outputPaths = (
				"$(DERIVED_FILE_DIR)/Pods-PocketHumidor-checkManifestLockResult.txt",
			);
			runOnlyForDeploymentPostprocessing = 0;
			shellPath = /bin/sh;
			shellScript = "diff \"${PODS_PODFILE_DIR_PATH}/Podfile.lock\" \"${PODS_ROOT}/Manifest.lock\" > /dev/null\nif [ $? != 0 ] ; then\n    # print error to STDERR\n    echo \"error: The sandbox is not in sync with the Podfile.lock. Run 'pod install' or update your CocoaPods installation.\" >&2\n    exit 1\nfi\n# This output is used by Xcode 'outputs' to avoid re-running this script phase.\necho \"SUCCESS\" > \"${SCRIPT_OUTPUT_FILE_0}\"\n";
			showEnvVarsInLog = 0;
		};
		7EB258709CE9BB83BE6BCA37 /* [CP] Embed Pods Frameworks */ = {
			isa = PBXShellScriptBuildPhase;
			buildActionMask = 2147483647;
			files = (
			);
			inputPaths = (
				"${PODS_ROOT}/Target Support Files/Pods-PocketHumidor/Pods-PocketHumidor-frameworks.sh",
				"${BUILT_PRODUCTS_DIR}/CSV.swift/CSV.framework",
				"${BUILT_PRODUCTS_DIR}/DZNEmptyDataSet/DZNEmptyDataSet.framework",
				"${BUILT_PRODUCTS_DIR}/Eureka/Eureka.framework",
				"${BUILT_PRODUCTS_DIR}/FirebaseCore/FirebaseCore.framework",
				"${BUILT_PRODUCTS_DIR}/FirebaseCoreDiagnostics/FirebaseCoreDiagnostics.framework",
				"${BUILT_PRODUCTS_DIR}/FirebaseCrashlytics/FirebaseCrashlytics.framework",
				"${BUILT_PRODUCTS_DIR}/FirebaseInstallations/FirebaseInstallations.framework",
				"${BUILT_PRODUCTS_DIR}/FlagKit/FlagKit.framework",
				"${BUILT_PRODUCTS_DIR}/GoogleDataTransport/GoogleDataTransport.framework",
				"${BUILT_PRODUCTS_DIR}/GoogleUtilities/GoogleUtilities.framework",
				"${BUILT_PRODUCTS_DIR}/PagingKit/PagingKit.framework",
				"${BUILT_PRODUCTS_DIR}/PromisesObjC/FBLPromises.framework",
				"${BUILT_PRODUCTS_DIR}/SVProgressHUD/SVProgressHUD.framework",
				"${BUILT_PRODUCTS_DIR}/SideMenu/SideMenu.framework",
				"${BUILT_PRODUCTS_DIR}/SuggestionRow/SuggestionRow.framework",
				"${BUILT_PRODUCTS_DIR}/SwiftyStoreKit/SwiftyStoreKit.framework",
				"${BUILT_PRODUCTS_DIR}/TTGSnackbar/TTGSnackbar.framework",
				"${BUILT_PRODUCTS_DIR}/nanopb/nanopb.framework",
			);
			name = "[CP] Embed Pods Frameworks";
			outputPaths = (
				"${TARGET_BUILD_DIR}/${FRAMEWORKS_FOLDER_PATH}/CSV.framework",
				"${TARGET_BUILD_DIR}/${FRAMEWORKS_FOLDER_PATH}/DZNEmptyDataSet.framework",
				"${TARGET_BUILD_DIR}/${FRAMEWORKS_FOLDER_PATH}/Eureka.framework",
				"${TARGET_BUILD_DIR}/${FRAMEWORKS_FOLDER_PATH}/FirebaseCore.framework",
				"${TARGET_BUILD_DIR}/${FRAMEWORKS_FOLDER_PATH}/FirebaseCoreDiagnostics.framework",
				"${TARGET_BUILD_DIR}/${FRAMEWORKS_FOLDER_PATH}/FirebaseCrashlytics.framework",
				"${TARGET_BUILD_DIR}/${FRAMEWORKS_FOLDER_PATH}/FirebaseInstallations.framework",
				"${TARGET_BUILD_DIR}/${FRAMEWORKS_FOLDER_PATH}/FlagKit.framework",
				"${TARGET_BUILD_DIR}/${FRAMEWORKS_FOLDER_PATH}/GoogleDataTransport.framework",
				"${TARGET_BUILD_DIR}/${FRAMEWORKS_FOLDER_PATH}/GoogleUtilities.framework",
				"${TARGET_BUILD_DIR}/${FRAMEWORKS_FOLDER_PATH}/PagingKit.framework",
				"${TARGET_BUILD_DIR}/${FRAMEWORKS_FOLDER_PATH}/FBLPromises.framework",
				"${TARGET_BUILD_DIR}/${FRAMEWORKS_FOLDER_PATH}/SVProgressHUD.framework",
				"${TARGET_BUILD_DIR}/${FRAMEWORKS_FOLDER_PATH}/SideMenu.framework",
				"${TARGET_BUILD_DIR}/${FRAMEWORKS_FOLDER_PATH}/SuggestionRow.framework",
				"${TARGET_BUILD_DIR}/${FRAMEWORKS_FOLDER_PATH}/SwiftyStoreKit.framework",
				"${TARGET_BUILD_DIR}/${FRAMEWORKS_FOLDER_PATH}/TTGSnackbar.framework",
				"${TARGET_BUILD_DIR}/${FRAMEWORKS_FOLDER_PATH}/nanopb.framework",
			);
			runOnlyForDeploymentPostprocessing = 0;
			shellPath = /bin/sh;
			shellScript = "\"${PODS_ROOT}/Target Support Files/Pods-PocketHumidor/Pods-PocketHumidor-frameworks.sh\"\n";
			showEnvVarsInLog = 0;
		};
		B7980CED26178028000385FA /* Crashlytics */ = {
			isa = PBXShellScriptBuildPhase;
			buildActionMask = 2147483647;
			files = (
			);
			inputFileListPaths = (
			);
			inputPaths = (
			);
			name = Crashlytics;
			outputFileListPaths = (
			);
			outputPaths = (
			);
			runOnlyForDeploymentPostprocessing = 0;
			shellPath = /bin/sh;
			shellScript = "\"${PODS_ROOT}/FirebaseCrashlytics/run\"\n";
		};
/* End PBXShellScriptBuildPhase section */

/* Begin PBXSourcesBuildPhase section */
		B75A841D2042DAB3008528D8 /* Sources */ = {
			isa = PBXSourcesBuildPhase;
			buildActionMask = 2147483647;
			files = (
				B7849A5120ADBE6D00CD80BA /* HistoryViewController.swift in Sources */,
				B7CF29C22051A42100D8C4A3 /* AboutViewController.swift in Sources */,
				B7222DB620C18D4F000BA0E5 /* HumidorDetailViewController.swift in Sources */,
				B7CF29BE20519AE300D8C4A3 /* SplitViewController.swift in Sources */,
				B7EF0ADF20ACC9EF008F9DF2 /* SmokeCigarController.swift in Sources */,
				B72A684F205FD4CB006CDFED /* PocketHumidor.xcdatamodeld in Sources */,
				B7CA195820AB22B30009FA99 /* MoveCigarController.swift in Sources */,
				B7790CB720A1DD58003A713E /* circleView.swift in Sources */,
				B7A4813C20582755001242F7 /* ContentTableViewCell.swift in Sources */,
				B7A8532A20B6B6E80093C158 /* HistoryTableViewCell.swift in Sources */,
				B72A0B23210CAEE600FE935A /* CigarReviewEnums.swift in Sources */,
				B7E524A32061620500E2CC38 /* TabBarViewController.swift in Sources */,
				B7A48138205822BC001242F7 /* ContentTableViewController.swift in Sources */,
				B75A84252042DAB3008528D8 /* AppDelegate.swift in Sources */,
				B7A4813620581E34001242F7 /* HomeViewController.swift in Sources */,
				B702A163209317AA00AB1AFC /* ManageHumidorsTableViewController.swift in Sources */,
				B73624B8204DF88700B92801 /* SettingsViewController.swift in Sources */,
				B76CC16720A83B3A004986EA /* GiftCigarController.swift in Sources */,
				B7219C992051888B001096A6 /* GeneralViewController.swift in Sources */,
				B7A3485A223D313B006B1DEA /* CloudDataManager.swift in Sources */,
				B7219C9D20518AA0001096A6 /* PrivacyViewController.swift in Sources */,
				B713C1B4204ABC6400AA40DD /* SideMenuUIViewController.swift in Sources */,
				B782222F21185797007E8319 /* CigarCSVImporter.swift in Sources */,
				B7219C942051836B001096A6 /* UserEngagement.swift in Sources */,
				B7EE3FD72066B43D000B761B /* CountrySelectViewController.swift in Sources */,
				B7D2BEEC20A38B0500F93515 /* SearchViewController.swift in Sources */,
				B7849A5320ADCC1B00CD80BA /* HistoryHeaderTableViewCell.swift in Sources */,
				B798AB3B20A4BB54001753F7 /* SearchTableViewCell.swift in Sources */,
				B72A684C205FCF84006CDFED /* AddHumidorController.swift in Sources */,
				B745703721158CB2001385E9 /* DataViewController.swift in Sources */,
				B7CB23BC20C0519C00370D0D /* FilterViewController.swift in Sources */,
				B7BDFE582248FBD900CFBACA /* BackupViewController.swift in Sources */,
				B745A1A620A6AE7E000F2C83 /* EmptyTableViewController.swift in Sources */,
				B72A684E205FCF8E006CDFED /* CoreDataController.swift in Sources */,
				B7F5021420FD5346001035A2 /* CigarDetailViewController.swift in Sources */,
				B74C9354222FC85F003AE277 /* PremiumViewController.swift in Sources */,
				B78FFB032239606300543D24 /* CigarCSVExporter.swift in Sources */,
				B7219C97205186C0001096A6 /* UserSettings.swift in Sources */,
				B7219C9B20518A13001096A6 /* SortViewController.swift in Sources */,
				B7E524A7206166AA00E2CC38 /* AddCigarController.swift in Sources */,
			);
			runOnlyForDeploymentPostprocessing = 0;
		};
/* End PBXSourcesBuildPhase section */

/* Begin PBXVariantGroup section */
		B721833720542D3B00E8DD09 /* Localizable.strings */ = {
			isa = PBXVariantGroup;
			children = (
				B721833C20542D6F00E8DD09 /* en */,
				B721833F20542D7700E8DD09 /* it */,
			);
			name = Localizable.strings;
			sourceTree = "<group>";
		};
		B721834B2054432000E8DD09 /* Settings.storyboard */ = {
			isa = PBXVariantGroup;
			children = (
				B7D3A0B62055687000AA6A29 /* Base */,
				B734D637211C3C560031EA4A /* it */,
			);
			name = Settings.storyboard;
			sourceTree = "<group>";
		};
		B75A84282042DAB3008528D8 /* Main.storyboard */ = {
			isa = PBXVariantGroup;
			children = (
				B7D3A0B52055686F00AA6A29 /* Base */,
				B7D4B98720976F1300A48167 /* it */,
				B7D4B98920976F1800A48167 /* en */,
			);
			name = Main.storyboard;
			sourceTree = "<group>";
		};
		B7FDDF0D20FEB632001E8D4F /* DetailCigar.storyboard */ = {
			isa = PBXVariantGroup;
			children = (
				B76CB0DD20FF3DA300D8035D /* Base */,
				B7A4B016210DC79B0032B184 /* en */,
				B7A4B018210DC7A80032B184 /* it */,
			);
			name = DetailCigar.storyboard;
			sourceTree = "<group>";
		};
/* End PBXVariantGroup section */

/* Begin XCBuildConfiguration section */
		B75A84472042DAB3008528D8 /* Debug */ = {
			isa = XCBuildConfiguration;
			buildSettings = {
				ALWAYS_SEARCH_USER_PATHS = NO;
				CLANG_ANALYZER_LOCALIZABILITY_NONLOCALIZED = YES;
				CLANG_ANALYZER_NONNULL = YES;
				CLANG_ANALYZER_NUMBER_OBJECT_CONVERSION = YES_AGGRESSIVE;
				CLANG_CXX_LANGUAGE_STANDARD = "gnu++14";
				CLANG_CXX_LIBRARY = "libc++";
				CLANG_ENABLE_MODULES = YES;
				CLANG_ENABLE_OBJC_ARC = YES;
				CLANG_WARN_BLOCK_CAPTURE_AUTORELEASING = YES;
				CLANG_WARN_BOOL_CONVERSION = YES;
				CLANG_WARN_COMMA = YES;
				CLANG_WARN_CONSTANT_CONVERSION = YES;
				CLANG_WARN_DEPRECATED_OBJC_IMPLEMENTATIONS = YES;
				CLANG_WARN_DIRECT_OBJC_ISA_USAGE = YES_ERROR;
				CLANG_WARN_DOCUMENTATION_COMMENTS = YES;
				CLANG_WARN_EMPTY_BODY = YES;
				CLANG_WARN_ENUM_CONVERSION = YES;
				CLANG_WARN_INFINITE_RECURSION = YES;
				CLANG_WARN_INT_CONVERSION = YES;
				CLANG_WARN_NON_LITERAL_NULL_CONVERSION = YES;
				CLANG_WARN_OBJC_IMPLICIT_RETAIN_SELF = YES;
				CLANG_WARN_OBJC_LITERAL_CONVERSION = YES;
				CLANG_WARN_OBJC_ROOT_CLASS = YES_ERROR;
				CLANG_WARN_QUOTED_INCLUDE_IN_FRAMEWORK_HEADER = YES;
				CLANG_WARN_RANGE_LOOP_ANALYSIS = YES;
				CLANG_WARN_STRICT_PROTOTYPES = YES;
				CLANG_WARN_SUSPICIOUS_MOVE = YES;
				CLANG_WARN_UNGUARDED_AVAILABILITY = YES_AGGRESSIVE;
				CLANG_WARN_UNREACHABLE_CODE = YES;
				CLANG_WARN__DUPLICATE_METHOD_MATCH = YES;
				CODE_SIGN_IDENTITY = "iPhone Developer";
				COPY_PHASE_STRIP = NO;
				DEBUG_INFORMATION_FORMAT = dwarf;
				ENABLE_STRICT_OBJC_MSGSEND = YES;
				ENABLE_TESTABILITY = YES;
				GCC_C_LANGUAGE_STANDARD = gnu11;
				GCC_DYNAMIC_NO_PIC = NO;
				GCC_NO_COMMON_BLOCKS = YES;
				GCC_OPTIMIZATION_LEVEL = 0;
				GCC_PREPROCESSOR_DEFINITIONS = (
					"DEBUG=1",
					"$(inherited)",
				);
				GCC_WARN_64_TO_32_BIT_CONVERSION = YES;
				GCC_WARN_ABOUT_RETURN_TYPE = YES_ERROR;
				GCC_WARN_UNDECLARED_SELECTOR = YES;
				GCC_WARN_UNINITIALIZED_AUTOS = YES_AGGRESSIVE;
				GCC_WARN_UNUSED_FUNCTION = YES;
				GCC_WARN_UNUSED_VARIABLE = YES;
				IPHONEOS_DEPLOYMENT_TARGET = 12.0;
				MTL_ENABLE_DEBUG_INFO = YES;
				ONLY_ACTIVE_ARCH = YES;
				SDKROOT = iphoneos;
				SWIFT_ACTIVE_COMPILATION_CONDITIONS = DEBUG;
				SWIFT_OPTIMIZATION_LEVEL = "-Onone";
			};
			name = Debug;
		};
		B75A84482042DAB3008528D8 /* Release */ = {
			isa = XCBuildConfiguration;
			buildSettings = {
				ALWAYS_SEARCH_USER_PATHS = NO;
				CLANG_ANALYZER_LOCALIZABILITY_NONLOCALIZED = YES;
				CLANG_ANALYZER_NONNULL = YES;
				CLANG_ANALYZER_NUMBER_OBJECT_CONVERSION = YES_AGGRESSIVE;
				CLANG_CXX_LANGUAGE_STANDARD = "gnu++14";
				CLANG_CXX_LIBRARY = "libc++";
				CLANG_ENABLE_MODULES = YES;
				CLANG_ENABLE_OBJC_ARC = YES;
				CLANG_WARN_BLOCK_CAPTURE_AUTORELEASING = YES;
				CLANG_WARN_BOOL_CONVERSION = YES;
				CLANG_WARN_COMMA = YES;
				CLANG_WARN_CONSTANT_CONVERSION = YES;
				CLANG_WARN_DEPRECATED_OBJC_IMPLEMENTATIONS = YES;
				CLANG_WARN_DIRECT_OBJC_ISA_USAGE = YES_ERROR;
				CLANG_WARN_DOCUMENTATION_COMMENTS = YES;
				CLANG_WARN_EMPTY_BODY = YES;
				CLANG_WARN_ENUM_CONVERSION = YES;
				CLANG_WARN_INFINITE_RECURSION = YES;
				CLANG_WARN_INT_CONVERSION = YES;
				CLANG_WARN_NON_LITERAL_NULL_CONVERSION = YES;
				CLANG_WARN_OBJC_IMPLICIT_RETAIN_SELF = YES;
				CLANG_WARN_OBJC_LITERAL_CONVERSION = YES;
				CLANG_WARN_OBJC_ROOT_CLASS = YES_ERROR;
				CLANG_WARN_QUOTED_INCLUDE_IN_FRAMEWORK_HEADER = YES;
				CLANG_WARN_RANGE_LOOP_ANALYSIS = YES;
				CLANG_WARN_STRICT_PROTOTYPES = YES;
				CLANG_WARN_SUSPICIOUS_MOVE = YES;
				CLANG_WARN_UNGUARDED_AVAILABILITY = YES_AGGRESSIVE;
				CLANG_WARN_UNREACHABLE_CODE = YES;
				CLANG_WARN__DUPLICATE_METHOD_MATCH = YES;
				CODE_SIGN_IDENTITY = "iPhone Developer";
				COPY_PHASE_STRIP = NO;
				DEBUG_INFORMATION_FORMAT = "dwarf-with-dsym";
				ENABLE_NS_ASSERTIONS = NO;
				ENABLE_STRICT_OBJC_MSGSEND = YES;
				GCC_C_LANGUAGE_STANDARD = gnu11;
				GCC_NO_COMMON_BLOCKS = YES;
				GCC_WARN_64_TO_32_BIT_CONVERSION = YES;
				GCC_WARN_ABOUT_RETURN_TYPE = YES_ERROR;
				GCC_WARN_UNDECLARED_SELECTOR = YES;
				GCC_WARN_UNINITIALIZED_AUTOS = YES_AGGRESSIVE;
				GCC_WARN_UNUSED_FUNCTION = YES;
				GCC_WARN_UNUSED_VARIABLE = YES;
				IPHONEOS_DEPLOYMENT_TARGET = 12.0;
				MTL_ENABLE_DEBUG_INFO = NO;
				SDKROOT = iphoneos;
				SWIFT_OPTIMIZATION_LEVEL = "-Owholemodule";
				VALIDATE_PRODUCT = YES;
			};
			name = Release;
		};
		B75A844A2042DAB3008528D8 /* Debug */ = {
			isa = XCBuildConfiguration;
			baseConfigurationReference = 69F99B879FE38AB5E8BCD4AC /* Pods-PocketHumidor.debug.xcconfig */;
			buildSettings = {
				ASSETCATALOG_COMPILER_APPICON_NAME = AppIcon;
				CLANG_ENABLE_MODULES = YES;
				CODE_SIGN_ENTITLEMENTS = PocketHumidor/PocketHumidor.entitlements;
				CODE_SIGN_STYLE = Automatic;
				DEBUG_INFORMATION_FORMAT = "dwarf-with-dsym";
				DEVELOPMENT_TEAM = NPE3YFU9Q3;
				HEADER_SEARCH_PATHS = "$(inherited)";
				INFOPLIST_FILE = "$(SRCROOT)/PocketHumidor/Info.plist";
				IPHONEOS_DEPLOYMENT_TARGET = 12.0;
				LD_RUNPATH_SEARCH_PATHS = "$(inherited) @executable_path/Frameworks";
				PRODUCT_BUNDLE_IDENTIFIER = com.pocketStack;
				PRODUCT_NAME = "$(TARGET_NAME)";
				SWIFT_OPTIMIZATION_LEVEL = "-Onone";
				SWIFT_VERSION = 4.0;
				TARGETED_DEVICE_FAMILY = "1,2";
			};
			name = Debug;
		};
		B75A844B2042DAB3008528D8 /* Release */ = {
			isa = XCBuildConfiguration;
			baseConfigurationReference = CA545B9886855FF4E3DBB25D /* Pods-PocketHumidor.release.xcconfig */;
			buildSettings = {
				ASSETCATALOG_COMPILER_APPICON_NAME = AppIcon;
				CLANG_ENABLE_MODULES = YES;
				CODE_SIGN_ENTITLEMENTS = PocketHumidor/PocketHumidor.entitlements;
				CODE_SIGN_STYLE = Automatic;
				DEVELOPMENT_TEAM = NPE3YFU9Q3;
				HEADER_SEARCH_PATHS = "$(inherited)";
				INFOPLIST_FILE = "$(SRCROOT)/PocketHumidor/Info.plist";
				IPHONEOS_DEPLOYMENT_TARGET = 12.0;
				LD_RUNPATH_SEARCH_PATHS = "$(inherited) @executable_path/Frameworks";
				PRODUCT_BUNDLE_IDENTIFIER = com.pocketStack;
				PRODUCT_NAME = "$(TARGET_NAME)";
				SWIFT_VERSION = 4.0;
				TARGETED_DEVICE_FAMILY = "1,2";
			};
			name = Release;
		};
/* End XCBuildConfiguration section */

/* Begin XCConfigurationList section */
		B75A841C2042DAB3008528D8 /* Build configuration list for PBXProject "PocketHumidor" */ = {
			isa = XCConfigurationList;
			buildConfigurations = (
				B75A84472042DAB3008528D8 /* Debug */,
				B75A84482042DAB3008528D8 /* Release */,
			);
			defaultConfigurationIsVisible = 0;
			defaultConfigurationName = Release;
		};
		B75A84492042DAB3008528D8 /* Build configuration list for PBXNativeTarget "PocketHumidor" */ = {
			isa = XCConfigurationList;
			buildConfigurations = (
				B75A844A2042DAB3008528D8 /* Debug */,
				B75A844B2042DAB3008528D8 /* Release */,
			);
			defaultConfigurationIsVisible = 0;
			defaultConfigurationName = Release;
		};
/* End XCConfigurationList section */

/* Begin XCVersionGroup section */
		B7183063205FB69B000AF92D /* PocketHumidor.xcdatamodeld */ = {
			isa = XCVersionGroup;
			children = (
				B7183064205FB69B000AF92D /* CigarStack.xcdatamodel */,
			);
			currentVersion = B7183064205FB69B000AF92D /* CigarStack.xcdatamodel */;
			path = PocketHumidor.xcdatamodeld;
			sourceTree = "<group>";
			versionGroupType = wrapper.xcdatamodel;
		};
/* End XCVersionGroup section */
	};
	rootObject = B75A84192042DAB3008528D8 /* Project object */;
}
