// !$*UTF8*$!
{
	archiveVersion = 1;
	classes = {
	};
	objectVersion = 48;
	objects = {

/* Begin PBXBuildFile section */
		B75A84252042DAB3008528D8 /* AppDelegate.swift in Sources */ = {isa = PBXBuildFile; fileRef = B75A84242042DAB3008528D8 /* AppDelegate.swift */; };
		B75A84272042DAB3008528D8 /* ViewController.swift in Sources */ = {isa = PBXBuildFile; fileRef = B75A84262042DAB3008528D8 /* ViewController.swift */; };
		B75A842A2042DAB3008528D8 /* Main.storyboard in Resources */ = {isa = PBXBuildFile; fileRef = B75A84282042DAB3008528D8 /* Main.storyboard */; };
		B75A842C2042DAB3008528D8 /* Assets.xcassets in Resources */ = {isa = PBXBuildFile; fileRef = B75A842B2042DAB3008528D8 /* Assets.xcassets */; };
		B75A842F2042DAB3008528D8 /* LaunchScreen.storyboard in Resources */ = {isa = PBXBuildFile; fileRef = B75A842D2042DAB3008528D8 /* LaunchScreen.storyboard */; };
		B75A843A2042DAB3008528D8 /* CigarStackTests.swift in Sources */ = {isa = PBXBuildFile; fileRef = B75A84392042DAB3008528D8 /* CigarStackTests.swift */; };
		B75A84452042DAB3008528D8 /* CigarStackUITests.swift in Sources */ = {isa = PBXBuildFile; fileRef = B75A84442042DAB3008528D8 /* CigarStackUITests.swift */; };
/* End PBXBuildFile section */

/* Begin PBXContainerItemProxy section */
		B75A84362042DAB3008528D8 /* PBXContainerItemProxy */ = {
			isa = PBXContainerItemProxy;
			containerPortal = B75A84192042DAB3008528D8 /* Project object */;
			proxyType = 1;
			remoteGlobalIDString = B75A84202042DAB3008528D8;
			remoteInfo = CigarStack;
		};
		B75A84412042DAB3008528D8 /* PBXContainerItemProxy */ = {
			isa = PBXContainerItemProxy;
			containerPortal = B75A84192042DAB3008528D8 /* Project object */;
			proxyType = 1;
			remoteGlobalIDString = B75A84202042DAB3008528D8;
			remoteInfo = CigarStack;
		};
/* End PBXContainerItemProxy section */

/* Begin PBXFileReference section */
		B75A84212042DAB3008528D8 /* CigarStack.app */ = {isa = PBXFileReference; explicitFileType = wrapper.application; includeInIndex = 0; path = CigarStack.app; sourceTree = BUILT_PRODUCTS_DIR; };
		B75A84242042DAB3008528D8 /* AppDelegate.swift */ = {isa = PBXFileReference; lastKnownFileType = sourcecode.swift; path = AppDelegate.swift; sourceTree = "<group>"; };
		B75A84262042DAB3008528D8 /* ViewController.swift */ = {isa = PBXFileReference; lastKnownFileType = sourcecode.swift; path = ViewController.swift; sourceTree = "<group>"; };
		B75A84292042DAB3008528D8 /* Base */ = {isa = PBXFileReference; lastKnownFileType = file.storyboard; name = Base; path = Base.lproj/Main.storyboard; sourceTree = "<group>"; };
		B75A842B2042DAB3008528D8 /* Assets.xcassets */ = {isa = PBXFileReference; lastKnownFileType = folder.assetcatalog; path = Assets.xcassets; sourceTree = "<group>"; };
		B75A842E2042DAB3008528D8 /* Base */ = {isa = PBXFileReference; lastKnownFileType = file.storyboard; name = Base; path = Base.lproj/LaunchScreen.storyboard; sourceTree = "<group>"; };
		B75A84302042DAB3008528D8 /* Info.plist */ = {isa = PBXFileReference; lastKnownFileType = text.plist.xml; path = Info.plist; sourceTree = "<group>"; };
		B75A84352042DAB3008528D8 /* CigarStackTests.xctest */ = {isa = PBXFileReference; explicitFileType = wrapper.cfbundle; includeInIndex = 0; path = CigarStackTests.xctest; sourceTree = BUILT_PRODUCTS_DIR; };
		B75A84392042DAB3008528D8 /* CigarStackTests.swift */ = {isa = PBXFileReference; lastKnownFileType = sourcecode.swift; path = CigarStackTests.swift; sourceTree = "<group>"; };
		B75A843B2042DAB3008528D8 /* Info.plist */ = {isa = PBXFileReference; lastKnownFileType = text.plist.xml; path = Info.plist; sourceTree = "<group>"; };
		B75A84402042DAB3008528D8 /* CigarStackUITests.xctest */ = {isa = PBXFileReference; explicitFileType = wrapper.cfbundle; includeInIndex = 0; path = CigarStackUITests.xctest; sourceTree = BUILT_PRODUCTS_DIR; };
		B75A84442042DAB3008528D8 /* CigarStackUITests.swift */ = {isa = PBXFileReference; lastKnownFileType = sourcecode.swift; path = CigarStackUITests.swift; sourceTree = "<group>"; };
		B75A84462042DAB3008528D8 /* Info.plist */ = {isa = PBXFileReference; lastKnownFileType = text.plist.xml; path = Info.plist; sourceTree = "<group>"; };
/* End PBXFileReference section */

/* Begin PBXFrameworksBuildPhase section */
		B75A841E2042DAB3008528D8 /* Frameworks */ = {
			isa = PBXFrameworksBuildPhase;
			buildActionMask = 2147483647;
			files = (
			);
			runOnlyForDeploymentPostprocessing = 0;
		};
		B75A84322042DAB3008528D8 /* Frameworks */ = {
			isa = PBXFrameworksBuildPhase;
			buildActionMask = 2147483647;
			files = (
			);
			runOnlyForDeploymentPostprocessing = 0;
		};
		B75A843D2042DAB3008528D8 /* Frameworks */ = {
			isa = PBXFrameworksBuildPhase;
			buildActionMask = 2147483647;
			files = (
			);
			runOnlyForDeploymentPostprocessing = 0;
		};
/* End PBXFrameworksBuildPhase section */

/* Begin PBXGroup section */
		B75A84182042DAB3008528D8 = {
			isa = PBXGroup;
			children = (
				B75A84232042DAB3008528D8 /* CigarStack */,
				B75A84382042DAB3008528D8 /* CigarStackTests */,
				B75A84432042DAB3008528D8 /* CigarStackUITests */,
				B75A84222042DAB3008528D8 /* Products */,
			);
			sourceTree = "<group>";
		};
		B75A84222042DAB3008528D8 /* Products */ = {
			isa = PBXGroup;
			children = (
				B75A84212042DAB3008528D8 /* CigarStack.app */,
				B75A84352042DAB3008528D8 /* CigarStackTests.xctest */,
				B75A84402042DAB3008528D8 /* CigarStackUITests.xctest */,
			);
			name = Products;
			sourceTree = "<group>";
		};
		B75A84232042DAB3008528D8 /* CigarStack */ = {
			isa = PBXGroup;
			children = (
				B75A84242042DAB3008528D8 /* AppDelegate.swift */,
				B75A84262042DAB3008528D8 /* ViewController.swift */,
				B75A84282042DAB3008528D8 /* Main.storyboard */,
				B75A842B2042DAB3008528D8 /* Assets.xcassets */,
				B75A842D2042DAB3008528D8 /* LaunchScreen.storyboard */,
				B75A84302042DAB3008528D8 /* Info.plist */,
			);
			path = CigarStack;
			sourceTree = "<group>";
		};
		B75A84382042DAB3008528D8 /* CigarStackTests */ = {
			isa = PBXGroup;
			children = (
				B75A84392042DAB3008528D8 /* CigarStackTests.swift */,
				B75A843B2042DAB3008528D8 /* Info.plist */,
			);
			path = CigarStackTests;
			sourceTree = "<group>";
		};
		B75A84432042DAB3008528D8 /* CigarStackUITests */ = {
			isa = PBXGroup;
			children = (
				B75A84442042DAB3008528D8 /* CigarStackUITests.swift */,
				B75A84462042DAB3008528D8 /* Info.plist */,
			);
			path = CigarStackUITests;
			sourceTree = "<group>";
		};
/* End PBXGroup section */

/* Begin PBXNativeTarget section */
		B75A84202042DAB3008528D8 /* CigarStack */ = {
			isa = PBXNativeTarget;
			buildConfigurationList = B75A84492042DAB3008528D8 /* Build configuration list for PBXNativeTarget "CigarStack" */;
			buildPhases = (
				B75A841D2042DAB3008528D8 /* Sources */,
				B75A841E2042DAB3008528D8 /* Frameworks */,
				B75A841F2042DAB3008528D8 /* Resources */,
			);
			buildRules = (
			);
			dependencies = (
			);
			name = CigarStack;
			productName = CigarStack;
			productReference = B75A84212042DAB3008528D8 /* CigarStack.app */;
			productType = "com.apple.product-type.application";
		};
		B75A84342042DAB3008528D8 /* CigarStackTests */ = {
			isa = PBXNativeTarget;
			buildConfigurationList = B75A844C2042DAB3008528D8 /* Build configuration list for PBXNativeTarget "CigarStackTests" */;
			buildPhases = (
				B75A84312042DAB3008528D8 /* Sources */,
				B75A84322042DAB3008528D8 /* Frameworks */,
				B75A84332042DAB3008528D8 /* Resources */,
			);
			buildRules = (
			);
			dependencies = (
				B75A84372042DAB3008528D8 /* PBXTargetDependency */,
			);
			name = CigarStackTests;
			productName = CigarStackTests;
			productReference = B75A84352042DAB3008528D8 /* CigarStackTests.xctest */;
			productType = "com.apple.product-type.bundle.unit-test";
		};
		B75A843F2042DAB3008528D8 /* CigarStackUITests */ = {
			isa = PBXNativeTarget;
			buildConfigurationList = B75A844F2042DAB3008528D8 /* Build configuration list for PBXNativeTarget "CigarStackUITests" */;
			buildPhases = (
				B75A843C2042DAB3008528D8 /* Sources */,
				B75A843D2042DAB3008528D8 /* Frameworks */,
				B75A843E2042DAB3008528D8 /* Resources */,
			);
			buildRules = (
			);
			dependencies = (
				B75A84422042DAB3008528D8 /* PBXTargetDependency */,
			);
			name = CigarStackUITests;
			productName = CigarStackUITests;
			productReference = B75A84402042DAB3008528D8 /* CigarStackUITests.xctest */;
			productType = "com.apple.product-type.bundle.ui-testing";
		};
/* End PBXNativeTarget section */

/* Begin PBXProject section */
		B75A84192042DAB3008528D8 /* Project object */ = {
			isa = PBXProject;
			attributes = {
				LastSwiftUpdateCheck = 0920;
				LastUpgradeCheck = 0920;
				ORGANIZATIONNAME = "Darius Pasca";
				TargetAttributes = {
					B75A84202042DAB3008528D8 = {
						CreatedOnToolsVersion = 9.2;
						ProvisioningStyle = Automatic;
					};
					B75A84342042DAB3008528D8 = {
						CreatedOnToolsVersion = 9.2;
						ProvisioningStyle = Automatic;
						TestTargetID = B75A84202042DAB3008528D8;
					};
					B75A843F2042DAB3008528D8 = {
						CreatedOnToolsVersion = 9.2;
						ProvisioningStyle = Automatic;
						TestTargetID = B75A84202042DAB3008528D8;
					};
				};
			};
			buildConfigurationList = B75A841C2042DAB3008528D8 /* Build configuration list for PBXProject "CigarStack" */;
			compatibilityVersion = "Xcode 8.0";
			developmentRegion = en;
			hasScannedForEncodings = 0;
			knownRegions = (
				en,
				Base,
			);
			mainGroup = B75A84182042DAB3008528D8;
			productRefGroup = B75A84222042DAB3008528D8 /* Products */;
			projectDirPath = "";
			projectRoot = "";
			targets = (
				B75A84202042DAB3008528D8 /* CigarStack */,
				B75A84342042DAB3008528D8 /* CigarStackTests */,
				B75A843F2042DAB3008528D8 /* CigarStackUITests */,
			);
		};
/* End PBXProject section */

/* Begin PBXResourcesBuildPhase section */
		B75A841F2042DAB3008528D8 /* Resources */ = {
			isa = PBXResourcesBuildPhase;
			buildActionMask = 2147483647;
			files = (
				B75A842F2042DAB3008528D8 /* LaunchScreen.storyboard in Resources */,
				B75A842C2042DAB3008528D8 /* Assets.xcassets in Resources */,
				B75A842A2042DAB3008528D8 /* Main.storyboard in Resources */,
			);
			runOnlyForDeploymentPostprocessing = 0;
		};
		B75A84332042DAB3008528D8 /* Resources */ = {
			isa = PBXResourcesBuildPhase;
			buildActionMask = 2147483647;
			files = (
			);
			runOnlyForDeploymentPostprocessing = 0;
		};
		B75A843E2042DAB3008528D8 /* Resources */ = {
			isa = PBXResourcesBuildPhase;
			buildActionMask = 2147483647;
			files = (
			);
			runOnlyForDeploymentPostprocessing = 0;
		};
/* End PBXResourcesBuildPhase section */

/* Begin PBXSourcesBuildPhase section */
		B75A841D2042DAB3008528D8 /* Sources */ = {
			isa = PBXSourcesBuildPhase;
			buildActionMask = 2147483647;
			files = (
				B75A84272042DAB3008528D8 /* ViewController.swift in Sources */,
				B75A84252042DAB3008528D8 /* AppDelegate.swift in Sources */,
			);
			runOnlyForDeploymentPostprocessing = 0;
		};
		B75A84312042DAB3008528D8 /* Sources */ = {
			isa = PBXSourcesBuildPhase;
			buildActionMask = 2147483647;
			files = (
				B75A843A2042DAB3008528D8 /* CigarStackTests.swift in Sources */,
			);
			runOnlyForDeploymentPostprocessing = 0;
		};
		B75A843C2042DAB3008528D8 /* Sources */ = {
			isa = PBXSourcesBuildPhase;
			buildActionMask = 2147483647;
			files = (
				B75A84452042DAB3008528D8 /* CigarStackUITests.swift in Sources */,
			);
			runOnlyForDeploymentPostprocessing = 0;
		};
/* End PBXSourcesBuildPhase section */

/* Begin PBXTargetDependency section */
		B75A84372042DAB3008528D8 /* PBXTargetDependency */ = {
			isa = PBXTargetDependency;
			target = B75A84202042DAB3008528D8 /* CigarStack */;
			targetProxy = B75A84362042DAB3008528D8 /* PBXContainerItemProxy */;
		};
		B75A84422042DAB3008528D8 /* PBXTargetDependency */ = {
			isa = PBXTargetDependency;
			target = B75A84202042DAB3008528D8 /* CigarStack */;
			targetProxy = B75A84412042DAB3008528D8 /* PBXContainerItemProxy */;
		};
/* End PBXTargetDependency section */

/* Begin PBXVariantGroup section */
		B75A84282042DAB3008528D8 /* Main.storyboard */ = {
			isa = PBXVariantGroup;
			children = (
				B75A84292042DAB3008528D8 /* Base */,
			);
			name = Main.storyboard;
			sourceTree = "<group>";
		};
		B75A842D2042DAB3008528D8 /* LaunchScreen.storyboard */ = {
			isa = PBXVariantGroup;
			children = (
				B75A842E2042DAB3008528D8 /* Base */,
			);
			name = LaunchScreen.storyboard;
			sourceTree = "<group>";
		};
/* End PBXVariantGroup section */

/* Begin XCBuildConfiguration section */
		B75A84472042DAB3008528D8 /* Debug */ = {
			isa = XCBuildConfiguration;
			buildSettings = {
				ALWAYS_SEARCH_USER_PATHS = NO;
				CLANG_ANALYZER_NONNULL = YES;
				CLANG_ANALYZER_NUMBER_OBJECT_CONVERSION = YES_AGGRESSIVE;
				CLANG_CXX_LANGUAGE_STANDARD = "gnu++14";
				CLANG_CXX_LIBRARY = "libc++";
				CLANG_ENABLE_MODULES = YES;
				CLANG_ENABLE_OBJC_ARC = YES;
				CLANG_WARN_BLOCK_CAPTURE_AUTORELEASING = YES;
				CLANG_WARN_BOOL_CONVERSION = YES;
				CLANG_WARN_COMMA = YES;
				CLANG_WARN_CONSTANT_CONVERSION = YES;
				CLANG_WARN_DIRECT_OBJC_ISA_USAGE = YES_ERROR;
				CLANG_WARN_DOCUMENTATION_COMMENTS = YES;
				CLANG_WARN_EMPTY_BODY = YES;
				CLANG_WARN_ENUM_CONVERSION = YES;
				CLANG_WARN_INFINITE_RECURSION = YES;
				CLANG_WARN_INT_CONVERSION = YES;
				CLANG_WARN_NON_LITERAL_NULL_CONVERSION = YES;
				CLANG_WARN_OBJC_LITERAL_CONVERSION = YES;
				CLANG_WARN_OBJC_ROOT_CLASS = YES_ERROR;
				CLANG_WARN_RANGE_LOOP_ANALYSIS = YES;
				CLANG_WARN_STRICT_PROTOTYPES = YES;
				CLANG_WARN_SUSPICIOUS_MOVE = YES;
				CLANG_WARN_UNGUARDED_AVAILABILITY = YES_AGGRESSIVE;
				CLANG_WARN_UNREACHABLE_CODE = YES;
				CLANG_WARN__DUPLICATE_METHOD_MATCH = YES;
				CODE_SIGN_IDENTITY = "iPhone Developer";
				COPY_PHASE_STRIP = NO;
				DEBUG_INFORMATION_FORMAT = dwarf;
				ENABLE_STRICT_OBJC_MSGSEND = YES;
				ENABLE_TESTABILITY = YES;
				GCC_C_LANGUAGE_STANDARD = gnu11;
				GCC_DYNAMIC_NO_PIC = NO;
				GCC_NO_COMMON_BLOCKS = YES;
				GCC_OPTIMIZATION_LEVEL = 0;
				GCC_PREPROCESSOR_DEFINITIONS = (
					"DEBUG=1",
					"$(inherited)",
				);
				GCC_WARN_64_TO_32_BIT_CONVERSION = YES;
				GCC_WARN_ABOUT_RETURN_TYPE = YES_ERROR;
				GCC_WARN_UNDECLARED_SELECTOR = YES;
				GCC_WARN_UNINITIALIZED_AUTOS = YES_AGGRESSIVE;
				GCC_WARN_UNUSED_FUNCTION = YES;
				GCC_WARN_UNUSED_VARIABLE = YES;
				IPHONEOS_DEPLOYMENT_TARGET = 11.2;
				MTL_ENABLE_DEBUG_INFO = YES;
				ONLY_ACTIVE_ARCH = YES;
				SDKROOT = iphoneos;
				SWIFT_ACTIVE_COMPILATION_CONDITIONS = DEBUG;
				SWIFT_OPTIMIZATION_LEVEL = "-Onone";
			};
			name = Debug;
		};
		B75A84482042DAB3008528D8 /* Release */ = {
			isa = XCBuildConfiguration;
			buildSettings = {
				ALWAYS_SEARCH_USER_PATHS = NO;
				CLANG_ANALYZER_NONNULL = YES;
				CLANG_ANALYZER_NUMBER_OBJECT_CONVERSION = YES_AGGRESSIVE;
				CLANG_CXX_LANGUAGE_STANDARD = "gnu++14";
				CLANG_CXX_LIBRARY = "libc++";
				CLANG_ENABLE_MODULES = YES;
				CLANG_ENABLE_OBJC_ARC = YES;
				CLANG_WARN_BLOCK_CAPTURE_AUTORELEASING = YES;
				CLANG_WARN_BOOL_CONVERSION = YES;
				CLANG_WARN_COMMA = YES;
				CLANG_WARN_CONSTANT_CONVERSION = YES;
				CLANG_WARN_DIRECT_OBJC_ISA_USAGE = YES_ERROR;
				CLANG_WARN_DOCUMENTATION_COMMENTS = YES;
				CLANG_WARN_EMPTY_BODY = YES;
				CLANG_WARN_ENUM_CONVERSION = YES;
				CLANG_WARN_INFINITE_RECURSION = YES;
				CLANG_WARN_INT_CONVERSION = YES;
				CLANG_WARN_NON_LITERAL_NULL_CONVERSION = YES;
				CLANG_WARN_OBJC_LITERAL_CONVERSION = YES;
				CLANG_WARN_OBJC_ROOT_CLASS = YES_ERROR;
				CLANG_WARN_RANGE_LOOP_ANALYSIS = YES;
				CLANG_WARN_STRICT_PROTOTYPES = YES;
				CLANG_WARN_SUSPICIOUS_MOVE = YES;
				CLANG_WARN_UNGUARDED_AVAILABILITY = YES_AGGRESSIVE;
				CLANG_WARN_UNREACHABLE_CODE = YES;
				CLANG_WARN__DUPLICATE_METHOD_MATCH = YES;
				CODE_SIGN_IDENTITY = "iPhone Developer";
				COPY_PHASE_STRIP = NO;
				DEBUG_INFORMATION_FORMAT = "dwarf-with-dsym";
				ENABLE_NS_ASSERTIONS = NO;
				ENABLE_STRICT_OBJC_MSGSEND = YES;
				GCC_C_LANGUAGE_STANDARD = gnu11;
				GCC_NO_COMMON_BLOCKS = YES;
				GCC_WARN_64_TO_32_BIT_CONVERSION = YES;
				GCC_WARN_ABOUT_RETURN_TYPE = YES_ERROR;
				GCC_WARN_UNDECLARED_SELECTOR = YES;
				GCC_WARN_UNINITIALIZED_AUTOS = YES_AGGRESSIVE;
				GCC_WARN_UNUSED_FUNCTION = YES;
				GCC_WARN_UNUSED_VARIABLE = YES;
				IPHONEOS_DEPLOYMENT_TARGET = 11.2;
				MTL_ENABLE_DEBUG_INFO = NO;
				SDKROOT = iphoneos;
				SWIFT_OPTIMIZATION_LEVEL = "-Owholemodule";
				VALIDATE_PRODUCT = YES;
			};
			name = Release;
		};
		B75A844A2042DAB3008528D8 /* Debug */ = {
			isa = XCBuildConfiguration;
			buildSettings = {
				ASSETCATALOG_COMPILER_APPICON_NAME = AppIcon;
				CODE_SIGN_STYLE = Automatic;
				DEVELOPMENT_TEAM = NPE3YFU9Q3;
				INFOPLIST_FILE = CigarStack/Info.plist;
				LD_RUNPATH_SEARCH_PATHS = "$(inherited) @executable_path/Frameworks";
				PRODUCT_BUNDLE_IDENTIFIER = pasca.CigarStack;
				PRODUCT_NAME = "$(TARGET_NAME)";
				SWIFT_VERSION = 4.0;
				TARGETED_DEVICE_FAMILY = "1,2";
			};
			name = Debug;
		};
		B75A844B2042DAB3008528D8 /* Release */ = {
			isa = XCBuildConfiguration;
			buildSettings = {
				ASSETCATALOG_COMPILER_APPICON_NAME = AppIcon;
				CODE_SIGN_STYLE = Automatic;
				DEVELOPMENT_TEAM = NPE3YFU9Q3;
				INFOPLIST_FILE = CigarStack/Info.plist;
				LD_RUNPATH_SEARCH_PATHS = "$(inherited) @executable_path/Frameworks";
				PRODUCT_BUNDLE_IDENTIFIER = pasca.CigarStack;
				PRODUCT_NAME = "$(TARGET_NAME)";
				SWIFT_VERSION = 4.0;
				TARGETED_DEVICE_FAMILY = "1,2";
			};
			name = Release;
		};
		B75A844D2042DAB3008528D8 /* Debug */ = {
			isa = XCBuildConfiguration;
			buildSettings = {
				ALWAYS_EMBED_SWIFT_STANDARD_LIBRARIES = YES;
				BUNDLE_LOADER = "$(TEST_HOST)";
				CODE_SIGN_STYLE = Automatic;
				DEVELOPMENT_TEAM = NPE3YFU9Q3;
				INFOPLIST_FILE = CigarStackTests/Info.plist;
				LD_RUNPATH_SEARCH_PATHS = "$(inherited) @executable_path/Frameworks @loader_path/Frameworks";
				PRODUCT_BUNDLE_IDENTIFIER = pasca.CigarStackTests;
				PRODUCT_NAME = "$(TARGET_NAME)";
				SWIFT_VERSION = 4.0;
				TARGETED_DEVICE_FAMILY = "1,2";
				TEST_HOST = "$(BUILT_PRODUCTS_DIR)/CigarStack.app/CigarStack";
			};
			name = Debug;
		};
		B75A844E2042DAB3008528D8 /* Release */ = {
			isa = XCBuildConfiguration;
			buildSettings = {
				ALWAYS_EMBED_SWIFT_STANDARD_LIBRARIES = YES;
				BUNDLE_LOADER = "$(TEST_HOST)";
				CODE_SIGN_STYLE = Automatic;
				DEVELOPMENT_TEAM = NPE3YFU9Q3;
				INFOPLIST_FILE = CigarStackTests/Info.plist;
				LD_RUNPATH_SEARCH_PATHS = "$(inherited) @executable_path/Frameworks @loader_path/Frameworks";
				PRODUCT_BUNDLE_IDENTIFIER = pasca.CigarStackTests;
				PRODUCT_NAME = "$(TARGET_NAME)";
				SWIFT_VERSION = 4.0;
				TARGETED_DEVICE_FAMILY = "1,2";
				TEST_HOST = "$(BUILT_PRODUCTS_DIR)/CigarStack.app/CigarStack";
			};
			name = Release;
		};
		B75A84502042DAB3008528D8 /* Debug */ = {
			isa = XCBuildConfiguration;
			buildSettings = {
				ALWAYS_EMBED_SWIFT_STANDARD_LIBRARIES = YES;
				CODE_SIGN_STYLE = Automatic;
				DEVELOPMENT_TEAM = NPE3YFU9Q3;
				INFOPLIST_FILE = CigarStackUITests/Info.plist;
				LD_RUNPATH_SEARCH_PATHS = "$(inherited) @executable_path/Frameworks @loader_path/Frameworks";
				PRODUCT_BUNDLE_IDENTIFIER = pasca.CigarStackUITests;
				PRODUCT_NAME = "$(TARGET_NAME)";
				SWIFT_VERSION = 4.0;
				TARGETED_DEVICE_FAMILY = "1,2";
				TEST_TARGET_NAME = CigarStack;
			};
			name = Debug;
		};
		B75A84512042DAB3008528D8 /* Release */ = {
			isa = XCBuildConfiguration;
			buildSettings = {
				ALWAYS_EMBED_SWIFT_STANDARD_LIBRARIES = YES;
				CODE_SIGN_STYLE = Automatic;
				DEVELOPMENT_TEAM = NPE3YFU9Q3;
				INFOPLIST_FILE = CigarStackUITests/Info.plist;
				LD_RUNPATH_SEARCH_PATHS = "$(inherited) @executable_path/Frameworks @loader_path/Frameworks";
				PRODUCT_BUNDLE_IDENTIFIER = pasca.CigarStackUITests;
				PRODUCT_NAME = "$(TARGET_NAME)";
				SWIFT_VERSION = 4.0;
				TARGETED_DEVICE_FAMILY = "1,2";
				TEST_TARGET_NAME = CigarStack;
			};
			name = Release;
		};
/* End XCBuildConfiguration section */

/* Begin XCConfigurationList section */
		B75A841C2042DAB3008528D8 /* Build configuration list for PBXProject "CigarStack" */ = {
			isa = XCConfigurationList;
			buildConfigurations = (
				B75A84472042DAB3008528D8 /* Debug */,
				B75A84482042DAB3008528D8 /* Release */,
			);
			defaultConfigurationIsVisible = 0;
			defaultConfigurationName = Release;
		};
		B75A84492042DAB3008528D8 /* Build configuration list for PBXNativeTarget "CigarStack" */ = {
			isa = XCConfigurationList;
			buildConfigurations = (
				B75A844A2042DAB3008528D8 /* Debug */,
				B75A844B2042DAB3008528D8 /* Release */,
			);
			defaultConfigurationIsVisible = 0;
			defaultConfigurationName = Release;
		};
		B75A844C2042DAB3008528D8 /* Build configuration list for PBXNativeTarget "CigarStackTests" */ = {
			isa = XCConfigurationList;
			buildConfigurations = (
				B75A844D2042DAB3008528D8 /* Debug */,
				B75A844E2042DAB3008528D8 /* Release */,
			);
			defaultConfigurationIsVisible = 0;
			defaultConfigurationName = Release;
		};
		B75A844F2042DAB3008528D8 /* Build configuration list for PBXNativeTarget "CigarStackUITests" */ = {
			isa = XCConfigurationList;
			buildConfigurations = (
				B75A84502042DAB3008528D8 /* Debug */,
				B75A84512042DAB3008528D8 /* Release */,
			);
			defaultConfigurationIsVisible = 0;
			defaultConfigurationName = Release;
		};
/* End XCConfigurationList section */
	};
	rootObject = B75A84192042DAB3008528D8 /* Project object */;
}
